
Microsoft Visual Studio Solution File, Format Version 12.00
# Visual Studio Version 17
VisualStudioVersion = 17.0.31903.59
MinimumVisualStudioVersion = 10.0.40219.1
Project("{FAE04EC0-301F-11D3-BF4B-00C04F79EFBC}") = "Lab_7", "Lab_7\Lab_7.csproj", "{258FC1EE-D8B6-4E37-A32E-FD9694912B91}"
EndProject
Project("{FAE04EC0-301F-11D3-BF4B-00C04F79EFBC}") = "Ref", "Ref\Ref.csproj", "{4BEF7F6D-1F40-4502-83D9-CAC120937322}"
EndProject
Project("{FAE04EC0-301F-11D3-BF4B-00C04F79EFBC}") = "GetParam", "GetParam\GetParam.csproj", "{C2510345-833F-440B-A7CB-D13551BFB2B7}"
EndProject
Global
	GlobalSection(SolutionConfigurationPlatforms) = preSolution
		Debug|Any CPU = Debug|Any CPU
		Release|Any CPU = Release|Any CPU
	EndGlobalSection
	GlobalSection(ProjectConfigurationPlatforms) = postSolution
		{258FC1EE-D8B6-4E37-A32E-FD9694912B91}.Debug|Any CPU.ActiveCfg = Debug|Any CPU
		{258FC1EE-D8B6-4E37-A32E-FD9694912B91}.Debug|Any CPU.Build.0 = Debug|Any CPU
		{258FC1EE-D8B6-4E37-A32E-FD9694912B91}.Release|Any CPU.ActiveCfg = Release|Any CPU
		{258FC1EE-D8B6-4E37-A32E-FD9694912B91}.Release|Any CPU.Build.0 = Release|Any CPU
		{4BEF7F6D-1F40-4502-83D9-CAC120937322}.Debug|Any CPU.ActiveCfg = Debug|Any CPU
		{4BEF7F6D-1F40-4502-83D9-CAC120937322}.Debug|Any CPU.Build.0 = Debug|Any CPU
		{4BEF7F6D-1F40-4502-83D9-CAC120937322}.Release|Any CPU.ActiveCfg = Release|Any CPU
		{4BEF7F6D-1F40-4502-83D9-CAC120937322}.Release|Any CPU.Build.0 = Release|Any CPU
		{C2510345-833F-440B-A7CB-D13551BFB2B7}.Debug|Any CPU.ActiveCfg = Debug|Any CPU
		{C2510345-833F-440B-A7CB-D13551BFB2B7}.Debug|Any CPU.Build.0 = Debug|Any CPU
		{C2510345-833F-440B-A7CB-D13551BFB2B7}.Release|Any CPU.ActiveCfg = Release|Any CPU
		{C2510345-833F-440B-A7CB-D13551BFB2B7}.Release|Any CPU.Build.0 = Release|Any CPU
	EndGlobalSection
	GlobalSection(SolutionProperties) = preSolution
		HideSolutionNode = FALSE
	EndGlobalSection
	GlobalSection(ExtensibilityGlobals) = postSolution
		SolutionGuid = {F4B12C18-AB73-4F77-BD59-4CED6DB9AC20}
	EndGlobalSection
EndGlobal
